// !$*UTF8*$!
{
	archiveVersion = 1;
	classes = {
	};
	objectVersion = 46;
	objects = {

/* Begin PBXBuildFile section */
		86919F0C1C7CDC3F001BEB8C /* Prime_ins.png in Resources */ = {isa = PBXBuildFile; fileRef = 86919F0B1C7CDC3F001BEB8C /* Prime_ins.png */; };
		86919F0E1C7CDD0F001BEB8C /* InstructionViewController.swift in Sources */ = {isa = PBXBuildFile; fileRef = 86919F0D1C7CDD0F001BEB8C /* InstructionViewController.swift */; };
		86A964731C7C491B002BD350 /* Num0.png in Resources */ = {isa = PBXBuildFile; fileRef = 86A964691C7C491B002BD350 /* Num0.png */; };
		86A964741C7C491B002BD350 /* Num1.png in Resources */ = {isa = PBXBuildFile; fileRef = 86A9646A1C7C491B002BD350 /* Num1.png */; };
		86A964751C7C491B002BD350 /* Num2.png in Resources */ = {isa = PBXBuildFile; fileRef = 86A9646B1C7C491B002BD350 /* Num2.png */; };
		86A964761C7C491B002BD350 /* Num3.png in Resources */ = {isa = PBXBuildFile; fileRef = 86A9646C1C7C491B002BD350 /* Num3.png */; };
		86A964771C7C491B002BD350 /* Num4.png in Resources */ = {isa = PBXBuildFile; fileRef = 86A9646D1C7C491B002BD350 /* Num4.png */; };
		86A964781C7C491B002BD350 /* Num5.png in Resources */ = {isa = PBXBuildFile; fileRef = 86A9646E1C7C491B002BD350 /* Num5.png */; };
		86A964791C7C491B002BD350 /* Num6.png in Resources */ = {isa = PBXBuildFile; fileRef = 86A9646F1C7C491B002BD350 /* Num6.png */; };
		86A9647A1C7C491B002BD350 /* Num7.png in Resources */ = {isa = PBXBuildFile; fileRef = 86A964701C7C491B002BD350 /* Num7.png */; };
		86A9647B1C7C491B002BD350 /* Num8.png in Resources */ = {isa = PBXBuildFile; fileRef = 86A964711C7C491B002BD350 /* Num8.png */; };
		86A9647C1C7C491B002BD350 /* Num9.png in Resources */ = {isa = PBXBuildFile; fileRef = 86A964721C7C491B002BD350 /* Num9.png */; };
		86D6438B1C794B8900E5254D /* AppDelegate.swift in Sources */ = {isa = PBXBuildFile; fileRef = 86D6438A1C794B8900E5254D /* AppDelegate.swift */; };
		86D6438D1C794B8900E5254D /* ViewController.swift in Sources */ = {isa = PBXBuildFile; fileRef = 86D6438C1C794B8900E5254D /* ViewController.swift */; };
		86D643901C794B8900E5254D /* Main.storyboard in Resources */ = {isa = PBXBuildFile; fileRef = 86D6438E1C794B8900E5254D /* Main.storyboard */; };
		86D643921C794B8900E5254D /* Assets.xcassets in Resources */ = {isa = PBXBuildFile; fileRef = 86D643911C794B8900E5254D /* Assets.xcassets */; };
		86D643951C794B8900E5254D /* LaunchScreen.storyboard in Resources */ = {isa = PBXBuildFile; fileRef = 86D643931C794B8900E5254D /* LaunchScreen.storyboard */; };
		86D643A01C794B8900E5254D /* IpodInterfaceTests.swift in Sources */ = {isa = PBXBuildFile; fileRef = 86D6439F1C794B8900E5254D /* IpodInterfaceTests.swift */; };
		86D643AB1C794B8900E5254D /* IpodInterfaceUITests.swift in Sources */ = {isa = PBXBuildFile; fileRef = 86D643AA1C794B8900E5254D /* IpodInterfaceUITests.swift */; };
		86D643B91C79516000E5254D /* 2000px-6G_iPod.png in Resources */ = {isa = PBXBuildFile; fileRef = 86D643B81C79516000E5254D /* 2000px-6G_iPod.png */; };
		86D643BC1C79542700E5254D /* XMCircleGestureRecognizer.swift in Sources */ = {isa = PBXBuildFile; fileRef = 86D643BB1C79542700E5254D /* XMCircleGestureRecognizer.swift */; };
		86D643D51C7983E400E5254D /* Brain.swift in Sources */ = {isa = PBXBuildFile; fileRef = 86D643D41C7983E400E5254D /* Brain.swift */; };
		86D643D71C7993A000E5254D /* ipodBackground.png in Resources */ = {isa = PBXBuildFile; fileRef = 86D643D61C7993A000E5254D /* ipodBackground.png */; };
		86D643DB1C79A7BE00E5254D /* MenuViewController.swift in Sources */ = {isa = PBXBuildFile; fileRef = 86D643DA1C79A7BE00E5254D /* MenuViewController.swift */; };
		86D643DD1C79B11300E5254D /* DataStruct.swift in Sources */ = {isa = PBXBuildFile; fileRef = 86D643DC1C79B11300E5254D /* DataStruct.swift */; };
		86D643E11C79BDC800E5254D /* ipodBackground_2.png in Resources */ = {isa = PBXBuildFile; fileRef = 86D643E01C79BDC800E5254D /* ipodBackground_2.png */; };
/* End PBXBuildFile section */

/* Begin PBXContainerItemProxy section */
		86D6439C1C794B8900E5254D /* PBXContainerItemProxy */ = {
			isa = PBXContainerItemProxy;
			containerPortal = 86D6437F1C794B8900E5254D /* Project object */;
			proxyType = 1;
			remoteGlobalIDString = 86D643861C794B8900E5254D;
			remoteInfo = IpodInterface;
		};
		86D643A71C794B8900E5254D /* PBXContainerItemProxy */ = {
			isa = PBXContainerItemProxy;
			containerPortal = 86D6437F1C794B8900E5254D /* Project object */;
			proxyType = 1;
			remoteGlobalIDString = 86D643861C794B8900E5254D;
			remoteInfo = IpodInterface;
		};
/* End PBXContainerItemProxy section */

/* Begin PBXFileReference section */
		86919F0B1C7CDC3F001BEB8C /* Prime_ins.png */ = {isa = PBXFileReference; lastKnownFileType = image.png; path = Prime_ins.png; sourceTree = "<group>"; };
		86919F0D1C7CDD0F001BEB8C /* InstructionViewController.swift */ = {isa = PBXFileReference; fileEncoding = 4; lastKnownFileType = sourcecode.swift; path = InstructionViewController.swift; sourceTree = "<group>"; };
		86A964691C7C491B002BD350 /* Num0.png */ = {isa = PBXFileReference; lastKnownFileType = image.png; path = Num0.png; sourceTree = "<group>"; };
		86A9646A1C7C491B002BD350 /* Num1.png */ = {isa = PBXFileReference; lastKnownFileType = image.png; path = Num1.png; sourceTree = "<group>"; };
		86A9646B1C7C491B002BD350 /* Num2.png */ = {isa = PBXFileReference; lastKnownFileType = image.png; path = Num2.png; sourceTree = "<group>"; };
		86A9646C1C7C491B002BD350 /* Num3.png */ = {isa = PBXFileReference; lastKnownFileType = image.png; path = Num3.png; sourceTree = "<group>"; };
		86A9646D1C7C491B002BD350 /* Num4.png */ = {isa = PBXFileReference; lastKnownFileType = image.png; path = Num4.png; sourceTree = "<group>"; };
		86A9646E1C7C491B002BD350 /* Num5.png */ = {isa = PBXFileReference; lastKnownFileType = image.png; path = Num5.png; sourceTree = "<group>"; };
		86A9646F1C7C491B002BD350 /* Num6.png */ = {isa = PBXFileReference; lastKnownFileType = image.png; path = Num6.png; sourceTree = "<group>"; };
		86A964701C7C491B002BD350 /* Num7.png */ = {isa = PBXFileReference; lastKnownFileType = image.png; path = Num7.png; sourceTree = "<group>"; };
		86A964711C7C491B002BD350 /* Num8.png */ = {isa = PBXFileReference; lastKnownFileType = image.png; path = Num8.png; sourceTree = "<group>"; };
		86A964721C7C491B002BD350 /* Num9.png */ = {isa = PBXFileReference; lastKnownFileType = image.png; path = Num9.png; sourceTree = "<group>"; };
		86D643871C794B8900E5254D /* IpodInterface.app */ = {isa = PBXFileReference; explicitFileType = wrapper.application; includeInIndex = 0; path = IpodInterface.app; sourceTree = BUILT_PRODUCTS_DIR; };
		86D6438A1C794B8900E5254D /* AppDelegate.swift */ = {isa = PBXFileReference; lastKnownFileType = sourcecode.swift; path = AppDelegate.swift; sourceTree = "<group>"; };
		86D6438C1C794B8900E5254D /* ViewController.swift */ = {isa = PBXFileReference; lastKnownFileType = sourcecode.swift; path = ViewController.swift; sourceTree = "<group>"; };
		86D6438F1C794B8900E5254D /* Base */ = {isa = PBXFileReference; lastKnownFileType = file.storyboard; name = Base; path = Base.lproj/Main.storyboard; sourceTree = "<group>"; };
		86D643911C794B8900E5254D /* Assets.xcassets */ = {isa = PBXFileReference; lastKnownFileType = folder.assetcatalog; path = Assets.xcassets; sourceTree = "<group>"; };
		86D643941C794B8900E5254D /* Base */ = {isa = PBXFileReference; lastKnownFileType = file.storyboard; name = Base; path = Base.lproj/LaunchScreen.storyboard; sourceTree = "<group>"; };
		86D643961C794B8900E5254D /* Info.plist */ = {isa = PBXFileReference; lastKnownFileType = text.plist.xml; path = Info.plist; sourceTree = "<group>"; };
		86D6439B1C794B8900E5254D /* IpodInterfaceTests.xctest */ = {isa = PBXFileReference; explicitFileType = wrapper.cfbundle; includeInIndex = 0; path = IpodInterfaceTests.xctest; sourceTree = BUILT_PRODUCTS_DIR; };
		86D6439F1C794B8900E5254D /* IpodInterfaceTests.swift */ = {isa = PBXFileReference; lastKnownFileType = sourcecode.swift; path = IpodInterfaceTests.swift; sourceTree = "<group>"; };
		86D643A11C794B8900E5254D /* Info.plist */ = {isa = PBXFileReference; lastKnownFileType = text.plist.xml; path = Info.plist; sourceTree = "<group>"; };
		86D643A61C794B8900E5254D /* IpodInterfaceUITests.xctest */ = {isa = PBXFileReference; explicitFileType = wrapper.cfbundle; includeInIndex = 0; path = IpodInterfaceUITests.xctest; sourceTree = BUILT_PRODUCTS_DIR; };
		86D643AA1C794B8900E5254D /* IpodInterfaceUITests.swift */ = {isa = PBXFileReference; lastKnownFileType = sourcecode.swift; path = IpodInterfaceUITests.swift; sourceTree = "<group>"; };
		86D643AC1C794B8900E5254D /* Info.plist */ = {isa = PBXFileReference; lastKnownFileType = text.plist.xml; path = Info.plist; sourceTree = "<group>"; };
		86D643B81C79516000E5254D /* 2000px-6G_iPod.png */ = {isa = PBXFileReference; lastKnownFileType = image.png; path = "2000px-6G_iPod.png"; sourceTree = "<group>"; };
		86D643BB1C79542700E5254D /* XMCircleGestureRecognizer.swift */ = {isa = PBXFileReference; fileEncoding = 4; lastKnownFileType = sourcecode.swift; path = XMCircleGestureRecognizer.swift; sourceTree = "<group>"; };
		86D643D41C7983E400E5254D /* Brain.swift */ = {isa = PBXFileReference; fileEncoding = 4; lastKnownFileType = sourcecode.swift; path = Brain.swift; sourceTree = "<group>"; };
		86D643D61C7993A000E5254D /* ipodBackground.png */ = {isa = PBXFileReference; lastKnownFileType = image.png; path = ipodBackground.png; sourceTree = "<group>"; };
		86D643DA1C79A7BE00E5254D /* MenuViewController.swift */ = {isa = PBXFileReference; fileEncoding = 4; lastKnownFileType = sourcecode.swift; path = MenuViewController.swift; sourceTree = "<group>"; };
		86D643DC1C79B11300E5254D /* DataStruct.swift */ = {isa = PBXFileReference; fileEncoding = 4; lastKnownFileType = sourcecode.swift; path = DataStruct.swift; sourceTree = "<group>"; };
		86D643E01C79BDC800E5254D /* ipodBackground_2.png */ = {isa = PBXFileReference; lastKnownFileType = image.png; path = ipodBackground_2.png; sourceTree = "<group>"; };
/* End PBXFileReference section */

/* Begin PBXFrameworksBuildPhase section */
		86D643841C794B8900E5254D /* Frameworks */ = {
			isa = PBXFrameworksBuildPhase;
			buildActionMask = 2147483647;
			files = (
			);
			runOnlyForDeploymentPostprocessing = 0;
		};
		86D643981C794B8900E5254D /* Frameworks */ = {
			isa = PBXFrameworksBuildPhase;
			buildActionMask = 2147483647;
			files = (
			);
			runOnlyForDeploymentPostprocessing = 0;
		};
		86D643A31C794B8900E5254D /* Frameworks */ = {
			isa = PBXFrameworksBuildPhase;
			buildActionMask = 2147483647;
			files = (
			);
			runOnlyForDeploymentPostprocessing = 0;
		};
/* End PBXFrameworksBuildPhase section */

/* Begin PBXGroup section */
		86D6437E1C794B8900E5254D = {
			isa = PBXGroup;
			children = (
				86D643891C794B8900E5254D /* IpodInterface */,
				86D6439E1C794B8900E5254D /* IpodInterfaceTests */,
				86D643A91C794B8900E5254D /* IpodInterfaceUITests */,
				86D643881C794B8900E5254D /* Products */,
			);
			sourceTree = "<group>";
		};
		86D643881C794B8900E5254D /* Products */ = {
			isa = PBXGroup;
			children = (
				86D643871C794B8900E5254D /* IpodInterface.app */,
				86D6439B1C794B8900E5254D /* IpodInterfaceTests.xctest */,
				86D643A61C794B8900E5254D /* IpodInterfaceUITests.xctest */,
			);
			name = Products;
			sourceTree = "<group>";
		};
		86D643891C794B8900E5254D /* IpodInterface */ = {
			isa = PBXGroup;
			children = (
				86D6438A1C794B8900E5254D /* AppDelegate.swift */,
				86D6438C1C794B8900E5254D /* ViewController.swift */,
				86D643D41C7983E400E5254D /* Brain.swift */,
				86D643DC1C79B11300E5254D /* DataStruct.swift */,
				86D643DA1C79A7BE00E5254D /* MenuViewController.swift */,
				86919F0D1C7CDD0F001BEB8C /* InstructionViewController.swift */,
				86D6438E1C794B8900E5254D /* Main.storyboard */,
				86D643931C794B8900E5254D /* LaunchScreen.storyboard */,
				86D643911C794B8900E5254D /* Assets.xcassets */,
				86D643BF1C797D4F00E5254D /* Supplement Files */,
				86D643961C794B8900E5254D /* Info.plist */,
			);
			path = IpodInterface;
			sourceTree = "<group>";
		};
		86D6439E1C794B8900E5254D /* IpodInterfaceTests */ = {
			isa = PBXGroup;
			children = (
				86D6439F1C794B8900E5254D /* IpodInterfaceTests.swift */,
				86D643A11C794B8900E5254D /* Info.plist */,
			);
			path = IpodInterfaceTests;
			sourceTree = "<group>";
		};
		86D643A91C794B8900E5254D /* IpodInterfaceUITests */ = {
			isa = PBXGroup;
			children = (
				86D643AA1C794B8900E5254D /* IpodInterfaceUITests.swift */,
				86D643AC1C794B8900E5254D /* Info.plist */,
			);
			path = IpodInterfaceUITests;
			sourceTree = "<group>";
		};
		86D643BA1C79517300E5254D /* img */ = {
			isa = PBXGroup;
			children = (
				86D643E01C79BDC800E5254D /* ipodBackground_2.png */,
				86D643D61C7993A000E5254D /* ipodBackground.png */,
				86919F0B1C7CDC3F001BEB8C /* Prime_ins.png */,
				86A964691C7C491B002BD350 /* Num0.png */,
				86A9646A1C7C491B002BD350 /* Num1.png */,
				86A9646B1C7C491B002BD350 /* Num2.png */,
				86A9646C1C7C491B002BD350 /* Num3.png */,
				86A9646D1C7C491B002BD350 /* Num4.png */,
				86A9646E1C7C491B002BD350 /* Num5.png */,
				86A9646F1C7C491B002BD350 /* Num6.png */,
				86A964701C7C491B002BD350 /* Num7.png */,
				86A964711C7C491B002BD350 /* Num8.png */,
				86A964721C7C491B002BD350 /* Num9.png */,
				86D643B81C79516000E5254D /* 2000px-6G_iPod.png */,
			);
			name = img;
			sourceTree = "<group>";
		};
		86D643BF1C797D4F00E5254D /* Supplement Files */ = {
			isa = PBXGroup;
			children = (
				86D643BB1C79542700E5254D /* XMCircleGestureRecognizer.swift */,
				86D643BA1C79517300E5254D /* img */,
			);
			name = "Supplement Files";
			sourceTree = "<group>";
		};
/* End PBXGroup section */

/* Begin PBXNativeTarget section */
		86D643861C794B8900E5254D /* IpodInterface */ = {
			isa = PBXNativeTarget;
			buildConfigurationList = 86D643AF1C794B8900E5254D /* Build configuration list for PBXNativeTarget "IpodInterface" */;
			buildPhases = (
				86D643831C794B8900E5254D /* Sources */,
				86D643841C794B8900E5254D /* Frameworks */,
				86D643851C794B8900E5254D /* Resources */,
			);
			buildRules = (
			);
			dependencies = (
			);
			name = IpodInterface;
			productName = IpodInterface;
			productReference = 86D643871C794B8900E5254D /* IpodInterface.app */;
			productType = "com.apple.product-type.application";
		};
		86D6439A1C794B8900E5254D /* IpodInterfaceTests */ = {
			isa = PBXNativeTarget;
			buildConfigurationList = 86D643B21C794B8900E5254D /* Build configuration list for PBXNativeTarget "IpodInterfaceTests" */;
			buildPhases = (
				86D643971C794B8900E5254D /* Sources */,
				86D643981C794B8900E5254D /* Frameworks */,
				86D643991C794B8900E5254D /* Resources */,
			);
			buildRules = (
			);
			dependencies = (
				86D6439D1C794B8900E5254D /* PBXTargetDependency */,
			);
			name = IpodInterfaceTests;
			productName = IpodInterfaceTests;
			productReference = 86D6439B1C794B8900E5254D /* IpodInterfaceTests.xctest */;
			productType = "com.apple.product-type.bundle.unit-test";
		};
		86D643A51C794B8900E5254D /* IpodInterfaceUITests */ = {
			isa = PBXNativeTarget;
			buildConfigurationList = 86D643B51C794B8900E5254D /* Build configuration list for PBXNativeTarget "IpodInterfaceUITests" */;
			buildPhases = (
				86D643A21C794B8900E5254D /* Sources */,
				86D643A31C794B8900E5254D /* Frameworks */,
				86D643A41C794B8900E5254D /* Resources */,
			);
			buildRules = (
			);
			dependencies = (
				86D643A81C794B8900E5254D /* PBXTargetDependency */,
			);
			name = IpodInterfaceUITests;
			productName = IpodInterfaceUITests;
			productReference = 86D643A61C794B8900E5254D /* IpodInterfaceUITests.xctest */;
			productType = "com.apple.product-type.bundle.ui-testing";
		};
/* End PBXNativeTarget section */

/* Begin PBXProject section */
		86D6437F1C794B8900E5254D /* Project object */ = {
			isa = PBXProject;
			attributes = {
				LastSwiftUpdateCheck = 0720;
				LastUpgradeCheck = 0720;
				ORGANIZATIONNAME = "Huiyuan Ren";
				TargetAttributes = {
					86D643861C794B8900E5254D = {
						CreatedOnToolsVersion = 7.2.1;
						DevelopmentTeam = 7UPHS7BVEJ;
					};
					86D6439A1C794B8900E5254D = {
						CreatedOnToolsVersion = 7.2.1;
						TestTargetID = 86D643861C794B8900E5254D;
					};
					86D643A51C794B8900E5254D = {
						CreatedOnToolsVersion = 7.2.1;
						TestTargetID = 86D643861C794B8900E5254D;
					};
				};
			};
			buildConfigurationList = 86D643821C794B8900E5254D /* Build configuration list for PBXProject "IpodInterface" */;
			compatibilityVersion = "Xcode 3.2";
			developmentRegion = English;
			hasScannedForEncodings = 0;
			knownRegions = (
				en,
				Base,
			);
			mainGroup = 86D6437E1C794B8900E5254D;
			productRefGroup = 86D643881C794B8900E5254D /* Products */;
			projectDirPath = "";
			projectRoot = "";
			targets = (
				86D643861C794B8900E5254D /* IpodInterface */,
				86D6439A1C794B8900E5254D /* IpodInterfaceTests */,
				86D643A51C794B8900E5254D /* IpodInterfaceUITests */,
			);
		};
/* End PBXProject section */

/* Begin PBXResourcesBuildPhase section */
		86D643851C794B8900E5254D /* Resources */ = {
			isa = PBXResourcesBuildPhase;
			buildActionMask = 2147483647;
			files = (
				86A964781C7C491B002BD350 /* Num5.png in Resources */,
				86919F0C1C7CDC3F001BEB8C /* Prime_ins.png in Resources */,
				86A964751C7C491B002BD350 /* Num2.png in Resources */,
				86D643D71C7993A000E5254D /* ipodBackground.png in Resources */,
				86A964761C7C491B002BD350 /* Num3.png in Resources */,
				86A9647C1C7C491B002BD350 /* Num9.png in Resources */,
				86D643E11C79BDC800E5254D /* ipodBackground_2.png in Resources */,
				86D643951C794B8900E5254D /* LaunchScreen.storyboard in Resources */,
				86A9647A1C7C491B002BD350 /* Num7.png in Resources */,
				86D643921C794B8900E5254D /* Assets.xcassets in Resources */,
				86A964741C7C491B002BD350 /* Num1.png in Resources */,
				86A964771C7C491B002BD350 /* Num4.png in Resources */,
				86A964791C7C491B002BD350 /* Num6.png in Resources */,
				86D643B91C79516000E5254D /* 2000px-6G_iPod.png in Resources */,
				86A9647B1C7C491B002BD350 /* Num8.png in Resources */,
				86D643901C794B8900E5254D /* Main.storyboard in Resources */,
				86A964731C7C491B002BD350 /* Num0.png in Resources */,
			);
			runOnlyForDeploymentPostprocessing = 0;
		};
		86D643991C794B8900E5254D /* Resources */ = {
			isa = PBXResourcesBuildPhase;
			buildActionMask = 2147483647;
			files = (
			);
			runOnlyForDeploymentPostprocessing = 0;
		};
		86D643A41C794B8900E5254D /* Resources */ = {
			isa = PBXResourcesBuildPhase;
			buildActionMask = 2147483647;
			files = (
			);
			runOnlyForDeploymentPostprocessing = 0;
		};
/* End PBXResourcesBuildPhase section */

/* Begin PBXSourcesBuildPhase section */
		86D643831C794B8900E5254D /* Sources */ = {
			isa = PBXSourcesBuildPhase;
			buildActionMask = 2147483647;
			files = (
				86D6438D1C794B8900E5254D /* ViewController.swift in Sources */,
				86D643DB1C79A7BE00E5254D /* MenuViewController.swift in Sources */,
				86919F0E1C7CDD0F001BEB8C /* InstructionViewController.swift in Sources */,
				86D643DD1C79B11300E5254D /* DataStruct.swift in Sources */,
				86D643D51C7983E400E5254D /* Brain.swift in Sources */,
				86D6438B1C794B8900E5254D /* AppDelegate.swift in Sources */,
				86D643BC1C79542700E5254D /* XMCircleGestureRecognizer.swift in Sources */,
			);
			runOnlyForDeploymentPostprocessing = 0;
		};
		86D643971C794B8900E5254D /* Sources */ = {
			isa = PBXSourcesBuildPhase;
			buildActionMask = 2147483647;
			files = (
				86D643A01C794B8900E5254D /* IpodInterfaceTests.swift in Sources */,
			);
			runOnlyForDeploymentPostprocessing = 0;
		};
		86D643A21C794B8900E5254D /* Sources */ = {
			isa = PBXSourcesBuildPhase;
			buildActionMask = 2147483647;
			files = (
				86D643AB1C794B8900E5254D /* IpodInterfaceUITests.swift in Sources */,
			);
			runOnlyForDeploymentPostprocessing = 0;
		};
/* End PBXSourcesBuildPhase section */

/* Begin PBXTargetDependency section */
		86D6439D1C794B8900E5254D /* PBXTargetDependency */ = {
			isa = PBXTargetDependency;
			target = 86D643861C794B8900E5254D /* IpodInterface */;
			targetProxy = 86D6439C1C794B8900E5254D /* PBXContainerItemProxy */;
		};
		86D643A81C794B8900E5254D /* PBXTargetDependency */ = {
			isa = PBXTargetDependency;
			target = 86D643861C794B8900E5254D /* IpodInterface */;
			targetProxy = 86D643A71C794B8900E5254D /* PBXContainerItemProxy */;
		};
/* End PBXTargetDependency section */

/* Begin PBXVariantGroup section */
		86D6438E1C794B8900E5254D /* Main.storyboard */ = {
			isa = PBXVariantGroup;
			children = (
				86D6438F1C794B8900E5254D /* Base */,
			);
			name = Main.storyboard;
			sourceTree = "<group>";
		};
		86D643931C794B8900E5254D /* LaunchScreen.storyboard */ = {
			isa = PBXVariantGroup;
			children = (
				86D643941C794B8900E5254D /* Base */,
			);
			name = LaunchScreen.storyboard;
			sourceTree = "<group>";
		};
/* End PBXVariantGroup section */

/* Begin XCBuildConfiguration section */
		86D643AD1C794B8900E5254D /* Debug */ = {
			isa = XCBuildConfiguration;
			buildSettings = {
				ALWAYS_SEARCH_USER_PATHS = NO;
				CLANG_CXX_LANGUAGE_STANDARD = "gnu++0x";
				CLANG_CXX_LIBRARY = "libc++";
				CLANG_ENABLE_MODULES = YES;
				CLANG_ENABLE_OBJC_ARC = YES;
				CLANG_WARN_BOOL_CONVERSION = YES;
				CLANG_WARN_CONSTANT_CONVERSION = YES;
				CLANG_WARN_DIRECT_OBJC_ISA_USAGE = YES_ERROR;
				CLANG_WARN_EMPTY_BODY = YES;
				CLANG_WARN_ENUM_CONVERSION = YES;
				CLANG_WARN_INT_CONVERSION = YES;
				CLANG_WARN_OBJC_ROOT_CLASS = YES_ERROR;
				CLANG_WARN_UNREACHABLE_CODE = YES;
				CLANG_WARN__DUPLICATE_METHOD_MATCH = YES;
				"CODE_SIGN_IDENTITY[sdk=iphoneos*]" = "iPhone Developer";
				COPY_PHASE_STRIP = NO;
				DEBUG_INFORMATION_FORMAT = dwarf;
				ENABLE_STRICT_OBJC_MSGSEND = YES;
				ENABLE_TESTABILITY = YES;
				GCC_C_LANGUAGE_STANDARD = gnu99;
				GCC_DYNAMIC_NO_PIC = NO;
				GCC_NO_COMMON_BLOCKS = YES;
				GCC_OPTIMIZATION_LEVEL = 0;
				GCC_PREPROCESSOR_DEFINITIONS = (
					"DEBUG=1",
					"$(inherited)",
				);
				GCC_WARN_64_TO_32_BIT_CONVERSION = YES;
				GCC_WARN_ABOUT_RETURN_TYPE = YES_ERROR;
				GCC_WARN_UNDECLARED_SELECTOR = YES;
				GCC_WARN_UNINITIALIZED_AUTOS = YES_AGGRESSIVE;
				GCC_WARN_UNUSED_FUNCTION = YES;
				GCC_WARN_UNUSED_VARIABLE = YES;
				IPHONEOS_DEPLOYMENT_TARGET = 8.0;
				MTL_ENABLE_DEBUG_INFO = YES;
				ONLY_ACTIVE_ARCH = YES;
				SDKROOT = iphoneos;
				SWIFT_OPTIMIZATION_LEVEL = "-Onone";
			};
			name = Debug;
		};
		86D643AE1C794B8900E5254D /* Release */ = {
			isa = XCBuildConfiguration;
			buildSettings = {
				ALWAYS_SEARCH_USER_PATHS = NO;
				CLANG_CXX_LANGUAGE_STANDARD = "gnu++0x";
				CLANG_CXX_LIBRARY = "libc++";
				CLANG_ENABLE_MODULES = YES;
				CLANG_ENABLE_OBJC_ARC = YES;
				CLANG_WARN_BOOL_CONVERSION = YES;
				CLANG_WARN_CONSTANT_CONVERSION = YES;
				CLANG_WARN_DIRECT_OBJC_ISA_USAGE = YES_ERROR;
				CLANG_WARN_EMPTY_BODY = YES;
				CLANG_WARN_ENUM_CONVERSION = YES;
				CLANG_WARN_INT_CONVERSION = YES;
				CLANG_WARN_OBJC_ROOT_CLASS = YES_ERROR;
				CLANG_WARN_UNREACHABLE_CODE = YES;
				CLANG_WARN__DUPLICATE_METHOD_MATCH = YES;
				"CODE_SIGN_IDENTITY[sdk=iphoneos*]" = "iPhone Developer";
				COPY_PHASE_STRIP = NO;
				DEBUG_INFORMATION_FORMAT = "dwarf-with-dsym";
				ENABLE_NS_ASSERTIONS = NO;
				ENABLE_STRICT_OBJC_MSGSEND = YES;
				GCC_C_LANGUAGE_STANDARD = gnu99;
				GCC_NO_COMMON_BLOCKS = YES;
				GCC_WARN_64_TO_32_BIT_CONVERSION = YES;
				GCC_WARN_ABOUT_RETURN_TYPE = YES_ERROR;
				GCC_WARN_UNDECLARED_SELECTOR = YES;
				GCC_WARN_UNINITIALIZED_AUTOS = YES_AGGRESSIVE;
				GCC_WARN_UNUSED_FUNCTION = YES;
				GCC_WARN_UNUSED_VARIABLE = YES;
				IPHONEOS_DEPLOYMENT_TARGET = 8.0;
				MTL_ENABLE_DEBUG_INFO = NO;
				SDKROOT = iphoneos;
				VALIDATE_PRODUCT = YES;
			};
			name = Release;
		};
		86D643B01C794B8900E5254D /* Debug */ = {
			isa = XCBuildConfiguration;
			buildSettings = {
				ASSETCATALOG_COMPILER_APPICON_NAME = AppIcon;
				CODE_SIGN_IDENTITY = "iPhone Developer";
				INFOPLIST_FILE = IpodInterface/Info.plist;
				IPHONEOS_DEPLOYMENT_TARGET = 8.0;
				LD_RUNPATH_SEARCH_PATHS = "$(inherited) @executable_path/Frameworks";
				PRODUCT_BUNDLE_IDENTIFIER = com.huiyuanr.RensPrimeFinder;
				PRODUCT_NAME = "$(TARGET_NAME)";
			};
			name = Debug;
		};
		86D643B11C794B8900E5254D /* Release */ = {
			isa = XCBuildConfiguration;
			buildSettings = {
				ASSETCATALOG_COMPILER_APPICON_NAME = AppIcon;
				CODE_SIGN_IDENTITY = "iPhone Developer";
				INFOPLIST_FILE = IpodInterface/Info.plist;
				IPHONEOS_DEPLOYMENT_TARGET = 8.0;
				LD_RUNPATH_SEARCH_PATHS = "$(inherited) @executable_path/Frameworks";
				PRODUCT_BUNDLE_IDENTIFIER = com.huiyuanr.RensPrimeFinder;
				PRODUCT_NAME = "$(TARGET_NAME)";
			};
			name = Release;
		};
		86D643B31C794B8900E5254D /* Debug */ = {
			isa = XCBuildConfiguration;
			buildSettings = {
				BUNDLE_LOADER = "$(TEST_HOST)";
				INFOPLIST_FILE = IpodInterfaceTests/Info.plist;
				LD_RUNPATH_SEARCH_PATHS = "$(inherited) @executable_path/Frameworks @loader_path/Frameworks";
				PRODUCT_BUNDLE_IDENTIFIER = Ren.IpodInterfaceTests;
				PRODUCT_NAME = "$(TARGET_NAME)";
				TEST_HOST = "$(BUILT_PRODUCTS_DIR)/IpodInterface.app/IpodInterface";
			};
			name = Debug;
		};
		86D643B41C794B8900E5254D /* Release */ = {
			isa = XCBuildConfiguration;
			buildSettings = {
				BUNDLE_LOADER = "$(TEST_HOST)";
				INFOPLIST_FILE = IpodInterfaceTests/Info.plist;
				LD_RUNPATH_SEARCH_PATHS = "$(inherited) @executable_path/Frameworks @loader_path/Frameworks";
				PRODUCT_BUNDLE_IDENTIFIER = Ren.IpodInterfaceTests;
				PRODUCT_NAME = "$(TARGET_NAME)";
				TEST_HOST = "$(BUILT_PRODUCTS_DIR)/IpodInterface.app/IpodInterface";
			};
			name = Release;
		};
		86D643B61C794B8900E5254D /* Debug */ = {
			isa = XCBuildConfiguration;
			buildSettings = {
				INFOPLIST_FILE = IpodInterfaceUITests/Info.plist;
				LD_RUNPATH_SEARCH_PATHS = "$(inherited) @executable_path/Frameworks @loader_path/Frameworks";
				PRODUCT_BUNDLE_IDENTIFIER = Ren.IpodInterfaceUITests;
				PRODUCT_NAME = "$(TARGET_NAME)";
				TEST_TARGET_NAME = IpodInterface;
				USES_XCTRUNNER = YES;
			};
			name = Debug;
		};
		86D643B71C794B8900E5254D /* Release */ = {
			isa = XCBuildConfiguration;
			buildSettings = {
				INFOPLIST_FILE = IpodInterfaceUITests/Info.plist;
				LD_RUNPATH_SEARCH_PATHS = "$(inherited) @executable_path/Frameworks @loader_path/Frameworks";
				PRODUCT_BUNDLE_IDENTIFIER = Ren.IpodInterfaceUITests;
				PRODUCT_NAME = "$(TARGET_NAME)";
				TEST_TARGET_NAME = IpodInterface;
				USES_XCTRUNNER = YES;
			};
			name = Release;
		};
/* End XCBuildConfiguration section */

/* Begin XCConfigurationList section */
		86D643821C794B8900E5254D /* Build configuration list for PBXProject "IpodInterface" */ = {
			isa = XCConfigurationList;
			buildConfigurations = (
				86D643AD1C794B8900E5254D /* Debug */,
				86D643AE1C794B8900E5254D /* Release */,
			);
			defaultConfigurationIsVisible = 0;
			defaultConfigurationName = Release;
		};
		86D643AF1C794B8900E5254D /* Build configuration list for PBXNativeTarget "IpodInterface" */ = {
			isa = XCConfigurationList;
			buildConfigurations = (
				86D643B01C794B8900E5254D /* Debug */,
				86D643B11C794B8900E5254D /* Release */,
			);
			defaultConfigurationIsVisible = 0;
			defaultConfigurationName = Release;
		};
		86D643B21C794B8900E5254D /* Build configuration list for PBXNativeTarget "IpodInterfaceTests" */ = {
			isa = XCConfigurationList;
			buildConfigurations = (
				86D643B31C794B8900E5254D /* Debug */,
				86D643B41C794B8900E5254D /* Release */,
			);
			defaultConfigurationIsVisible = 0;
			defaultConfigurationName = Release;
		};
		86D643B51C794B8900E5254D /* Build configuration list for PBXNativeTarget "IpodInterfaceUITests" */ = {
			isa = XCConfigurationList;
			buildConfigurations = (
				86D643B61C794B8900E5254D /* Debug */,
				86D643B71C794B8900E5254D /* Release */,
			);
			defaultConfigurationIsVisible = 0;
			defaultConfigurationName = Release;
		};
/* End XCConfigurationList section */
	};
	rootObject = 86D6437F1C794B8900E5254D /* Project object */;
}
